
Microsoft Visual Studio Solution File, Format Version 12.00
# Blend for Visual Studio 15
VisualStudioVersion = 15.0.27703.2000
MinimumVisualStudioVersion = 10.0.40219.1
Project("{FAE04EC0-301F-11D3-BF4B-00C04F79EFBC}") = "WpfApp2", "WpfApp2\WpfApp2.csproj", "{5C5E2BEF-6084-4BB8-AD71-44A29E685088}"
EndProject
Global
	GlobalSection(SolutionConfigurationPlatforms) = preSolution
		Debug|Any CPU = Debug|Any CPU
		Release|Any CPU = Release|Any CPU
	EndGlobalSection
	GlobalSection(ProjectConfigurationPlatforms) = postSolution
		{5C5E2BEF-6084-4BB8-AD71-44A29E685088}.Debug|Any CPU.ActiveCfg = Debug|Any CPU
		{5C5E2BEF-6084-4BB8-AD71-44A29E685088}.Debug|Any CPU.Build.0 = Debug|Any CPU
		{5C5E2BEF-6084-4BB8-AD71-44A29E685088}.Release|Any CPU.ActiveCfg = Release|Any CPU
		{5C5E2BEF-6084-4BB8-AD71-44A29E685088}.Release|Any CPU.Build.0 = Release|Any CPU
	EndGlobalSection
	GlobalSection(SolutionProperties) = preSolution
		HideSolutionNode = FALSE
	EndGlobalSection
	GlobalSection(ExtensibilityGlobals) = postSolution
		SolutionGuid = {837F6634-6C9F-46CA-8185-30EF7EF7C4C3}
	EndGlobalSection
EndGlobal
